// !$*UTF8*$!
{
	archiveVersion = 1;
	classes = {
	};
	objectVersion = 77;
	objects = {

/* Begin PBXBuildFile section */
		474A03932EA27E4D00C1A65D /* RecordingsFW.framework in Frameworks */ = {isa = PBXBuildFile; fileRef = 474A038F2EA27E4D00C1A65D /* RecordingsFW.framework */; };
		474A03942EA27E4D00C1A65D /* RecordingsFW.framework in Embed Frameworks */ = {isa = PBXBuildFile; fileRef = 474A038F2EA27E4D00C1A65D /* RecordingsFW.framework */; settings = {ATTRIBUTES = (CodeSignOnCopy, RemoveHeadersOnCopy, ); }; };
		474A03952EA27E4D00C1A65D /* RecordingsStoreFW.framework in Frameworks */ = {isa = PBXBuildFile; fileRef = 474A03902EA27E4D00C1A65D /* RecordingsStoreFW.framework */; };
		474A03962EA27E4D00C1A65D /* RecordingsStoreFW.framework in Embed Frameworks */ = {isa = PBXBuildFile; fileRef = 474A03902EA27E4D00C1A65D /* RecordingsStoreFW.framework */; settings = {ATTRIBUTES = (CodeSignOnCopy, RemoveHeadersOnCopy, ); }; };
		474A03972EA27E4D00C1A65D /* RecordingStudioFW.framework in Frameworks */ = {isa = PBXBuildFile; fileRef = 474A03912EA27E4D00C1A65D /* RecordingStudioFW.framework */; };
		474A03982EA27E4D00C1A65D /* RecordingStudioFW.framework in Embed Frameworks */ = {isa = PBXBuildFile; fileRef = 474A03912EA27E4D00C1A65D /* RecordingStudioFW.framework */; settings = {ATTRIBUTES = (CodeSignOnCopy, RemoveHeadersOnCopy, ); }; };
		474A03992EA27E4D00C1A65D /* SettingsFW.framework in Frameworks */ = {isa = PBXBuildFile; fileRef = 474A03922EA27E4D00C1A65D /* SettingsFW.framework */; };
		474A039A2EA27E4D00C1A65D /* SettingsFW.framework in Embed Frameworks */ = {isa = PBXBuildFile; fileRef = 474A03922EA27E4D00C1A65D /* SettingsFW.framework */; settings = {ATTRIBUTES = (CodeSignOnCopy, RemoveHeadersOnCopy, ); }; };
/* End PBXBuildFile section */

/* Begin PBXCopyFilesBuildPhase section */
		474A039B2EA27E4D00C1A65D /* Embed Frameworks */ = {
			isa = PBXCopyFilesBuildPhase;
			buildActionMask = 2147483647;
			dstPath = "";
			dstSubfolderSpec = 10;
			files = (
				474A03942EA27E4D00C1A65D /* RecordingsFW.framework in Embed Frameworks */,
				474A03982EA27E4D00C1A65D /* RecordingStudioFW.framework in Embed Frameworks */,
				474A039A2EA27E4D00C1A65D /* SettingsFW.framework in Embed Frameworks */,
				474A03962EA27E4D00C1A65D /* RecordingsStoreFW.framework in Embed Frameworks */,
			);
			name = "Embed Frameworks";
			runOnlyForDeploymentPostprocessing = 0;
		};
/* End PBXCopyFilesBuildPhase section */

/* Begin PBXFileReference section */
		474A02D02EA27BFE00C1A65D /* ScratchTraxApp2.app */ = {isa = PBXFileReference; explicitFileType = wrapper.application; includeInIndex = 0; path = ScratchTraxApp2.app; sourceTree = BUILT_PRODUCTS_DIR; };
		474A038F2EA27E4D00C1A65D /* RecordingsFW.framework */ = {isa = PBXFileReference; explicitFileType = wrapper.framework; path = RecordingsFW.framework; sourceTree = BUILT_PRODUCTS_DIR; };
		474A03902EA27E4D00C1A65D /* RecordingsStoreFW.framework */ = {isa = PBXFileReference; explicitFileType = wrapper.framework; path = RecordingsStoreFW.framework; sourceTree = BUILT_PRODUCTS_DIR; };
		474A03912EA27E4D00C1A65D /* RecordingStudioFW.framework */ = {isa = PBXFileReference; explicitFileType = wrapper.framework; path = RecordingStudioFW.framework; sourceTree = BUILT_PRODUCTS_DIR; };
		474A03922EA27E4D00C1A65D /* SettingsFW.framework */ = {isa = PBXFileReference; explicitFileType = wrapper.framework; path = SettingsFW.framework; sourceTree = BUILT_PRODUCTS_DIR; };
/* End PBXFileReference section */

/* Begin PBXFileSystemSynchronizedBuildFileExceptionSet section */
		474A02E22EA27BFF00C1A65D /* Exceptions for "ScratchTraxApp2" folder in "ScratchTraxApp2" target */ = {
			isa = PBXFileSystemSynchronizedBuildFileExceptionSet;
			membershipExceptions = (
				Info.plist,
			);
			target = 474A02CF2EA27BFE00C1A65D /* ScratchTraxApp2 */;
		};
/* End PBXFileSystemSynchronizedBuildFileExceptionSet section */

/* Begin PBXFileSystemSynchronizedRootGroup section */
		474A02D22EA27BFE00C1A65D /* ScratchTraxApp2 */ = {
			isa = PBXFileSystemSynchronizedRootGroup;
			exceptions = (
				474A02E22EA27BFF00C1A65D /* Exceptions for "ScratchTraxApp2" folder in "ScratchTraxApp2" target */,
			);
			path = ScratchTraxApp2;
			sourceTree = "<group>";
		};
/* End PBXFileSystemSynchronizedRootGroup section */

/* Begin PBXFrameworksBuildPhase section */
		474A02CD2EA27BFE00C1A65D /* Frameworks */ = {
			isa = PBXFrameworksBuildPhase;
			buildActionMask = 2147483647;
			files = (
				474A03932EA27E4D00C1A65D /* RecordingsFW.framework in Frameworks */,
				474A03972EA27E4D00C1A65D /* RecordingStudioFW.framework in Frameworks */,
				474A03992EA27E4D00C1A65D /* SettingsFW.framework in Frameworks */,
				474A03952EA27E4D00C1A65D /* RecordingsStoreFW.framework in Frameworks */,
			);
			runOnlyForDeploymentPostprocessing = 0;
		};
/* End PBXFrameworksBuildPhase section */

/* Begin PBXGroup section */
		474A02C72EA27BFE00C1A65D = {
			isa = PBXGroup;
			children = (
				474A038E2EA27E4D00C1A65D /* Frameworks */,
				474A02D12EA27BFE00C1A65D /* Products */,
				474A02D22EA27BFE00C1A65D /* ScratchTraxApp2 */,
			);
			sourceTree = "<group>";
		};
		474A02D12EA27BFE00C1A65D /* Products */ = {
			isa = PBXGroup;
			children = (
				474A02D02EA27BFE00C1A65D /* ScratchTraxApp2.app */,
			);
			name = Products;
			sourceTree = "<group>";
		};
		474A038E2EA27E4D00C1A65D /* Frameworks */ = {
			isa = PBXGroup;
			children = (
				474A038F2EA27E4D00C1A65D /* RecordingsFW.framework */,
				474A03902EA27E4D00C1A65D /* RecordingsStoreFW.framework */,
				474A03912EA27E4D00C1A65D /* RecordingStudioFW.framework */,
				474A03922EA27E4D00C1A65D /* SettingsFW.framework */,
			);
			name = Frameworks;
			sourceTree = "<group>";
		};
/* End PBXGroup section */

/* Begin PBXNativeTarget section */
		474A02CF2EA27BFE00C1A65D /* ScratchTraxApp2 */ = {
			isa = PBXNativeTarget;
			buildConfigurationList = 474A02E32EA27BFF00C1A65D /* Build configuration list for PBXNativeTarget "ScratchTraxApp2" */;
			buildPhases = (
				474A02CC2EA27BFE00C1A65D /* Sources */,
				474A02CD2EA27BFE00C1A65D /* Frameworks */,
				474A02CE2EA27BFE00C1A65D /* Resources */,
				474A039B2EA27E4D00C1A65D /* Embed Frameworks */,
			);
			buildRules = (
			);
			dependencies = (
			);
			fileSystemSynchronizedGroups = (
				474A02D22EA27BFE00C1A65D /* ScratchTraxApp2 */,
			);
			name = ScratchTraxApp2;
			packageProductDependencies = (
			);
			productName = ScratchTraxApp2;
			productReference = 474A02D02EA27BFE00C1A65D /* ScratchTraxApp2.app */;
			productType = "com.apple.product-type.application";
		};
/* End PBXNativeTarget section */

/* Begin PBXProject section */
		474A02C82EA27BFE00C1A65D /* Project object */ = {
			isa = PBXProject;
			attributes = {
				BuildIndependentTargetsInParallel = 1;
				LastSwiftUpdateCheck = 2600;
				LastUpgradeCheck = 2600;
				TargetAttributes = {
					474A02CF2EA27BFE00C1A65D = {
						CreatedOnToolsVersion = 26.0.1;
					};
				};
			};
			buildConfigurationList = 474A02CB2EA27BFE00C1A65D /* Build configuration list for PBXProject "ScratchTraxApp2" */;
			developmentRegion = en;
			hasScannedForEncodings = 0;
			knownRegions = (
				en,
				Base,
				fr,
				it,
			);
			mainGroup = 474A02C72EA27BFE00C1A65D;
			minimizedProjectReferenceProxies = 1;
			preferredProjectObjectVersion = 77;
			productRefGroup = 474A02D12EA27BFE00C1A65D /* Products */;
			projectDirPath = "";
			projectRoot = "";
			targets = (
				474A02CF2EA27BFE00C1A65D /* ScratchTraxApp2 */,
			);
		};
/* End PBXProject section */

/* Begin PBXResourcesBuildPhase section */
		474A02CE2EA27BFE00C1A65D /* Resources */ = {
			isa = PBXResourcesBuildPhase;
			buildActionMask = 2147483647;
			files = (
			);
			runOnlyForDeploymentPostprocessing = 0;
		};
/* End PBXResourcesBuildPhase section */

/* Begin PBXSourcesBuildPhase section */
		474A02CC2EA27BFE00C1A65D /* Sources */ = {
			isa = PBXSourcesBuildPhase;
			buildActionMask = 2147483647;
			files = (
			);
			runOnlyForDeploymentPostprocessing = 0;
		};
/* End PBXSourcesBuildPhase section */

/* Begin XCBuildConfiguration section */
		474A02E42EA27BFF00C1A65D /* Debug */ = {
			isa = XCBuildConfiguration;
			buildSettings = {
				ASSETCATALOG_COMPILER_APPICON_NAME = AppIcon;
				ASSETCATALOG_COMPILER_GLOBAL_ACCENT_COLOR_NAME = AccentColor;
				CODE_SIGN_STYLE = Automatic;
				CURRENT_PROJECT_VERSION = 1;
				DEVELOPMENT_TEAM = G476AFA49S;
				GENERATE_INFOPLIST_FILE = YES;
				INFOPLIST_FILE = ScratchTraxApp2/Info.plist;
				INFOPLIST_KEY_UIApplicationSupportsIndirectInputEvents = YES;
				INFOPLIST_KEY_UILaunchStoryboardName = LaunchScreen;
				INFOPLIST_KEY_UIMainStoryboardFile = Main;
				INFOPLIST_KEY_UISupportedInterfaceOrientations_iPad = "UIInterfaceOrientationPortrait UIInterfaceOrientationPortraitUpsideDown UIInterfaceOrientationLandscapeLeft UIInterfaceOrientationLandscapeRight";
				INFOPLIST_KEY_UISupportedInterfaceOrientations_iPhone = "UIInterfaceOrientationPortrait UIInterfaceOrientationLandscapeLeft UIInterfaceOrientationLandscapeRight";
				LD_RUNPATH_SEARCH_PATHS = (
					"$(inherited)",
					"@executable_path/Frameworks",
				);
				MARKETING_VERSION = 1.0;
				PRODUCT_BUNDLE_IDENTIFIER = com.gw.ScratchTraxApp2;
				PRODUCT_NAME = "$(TARGET_NAME)";
				STRING_CATALOG_GENERATE_SYMBOLS = YES;
				SWIFT_APPROACHABLE_CONCURRENCY = YES;
				SWIFT_DEFAULT_ACTOR_ISOLATION = MainActor;
				SWIFT_EMIT_LOC_STRINGS = YES;
				SWIFT_UPCOMING_FEATURE_MEMBER_IMPORT_VISIBILITY = YES;
				SWIFT_VERSION = 5.0;
				TARGETED_DEVICE_FAMILY = "1,2";
			};
			name = Debug;
		};
		474A02E52EA27BFF00C1A65D /* Release */ = {
			isa = XCBuildConfiguration;
			buildSettings = {
				ASSETCATALOG_COMPILER_APPICON_NAME = AppIcon;
				ASSETCATALOG_COMPILER_GLOBAL_ACCENT_COLOR_NAME = AccentColor;
				CODE_SIGN_STYLE = Automatic;
				CURRENT_PROJECT_VERSION = 1;
				DEVELOPMENT_TEAM = G476AFA49S;
				GENERATE_INFOPLIST_FILE = YES;
				INFOPLIST_FILE = ScratchTraxApp2/Info.plist;
				INFOPLIST_KEY_UIApplicationSupportsIndirectInputEvents = YES;
				INFOPLIST_KEY_UILaunchStoryboardName = LaunchScreen;
				INFOPLIST_KEY_UIMainStoryboardFile = Main;
				INFOPLIST_KEY_UISupportedInterfaceOrientations_iPad = "UIInterfaceOrientationPortrait UIInterfaceOrientationPortraitUpsideDown UIInterfaceOrientationLandscapeLeft UIInterfaceOrientationLandscapeRight";
				INFOPLIST_KEY_UISupportedInterfaceOrientations_iPhone = "UIInterfaceOrientationPortrait UIInterfaceOrientationLandscapeLeft UIInterfaceOrientationLandscapeRight";
				LD_RUNPATH_SEARCH_PATHS = (
					"$(inherited)",
					"@executable_path/Frameworks",
				);
				MARKETING_VERSION = 1.0;
				PRODUCT_BUNDLE_IDENTIFIER = com.gw.ScratchTraxApp2;
				PRODUCT_NAME = "$(TARGET_NAME)";
				STRING_CATALOG_GENERATE_SYMBOLS = YES;
				SWIFT_APPROACHABLE_CONCURRENCY = YES;
				SWIFT_DEFAULT_ACTOR_ISOLATION = MainActor;
				SWIFT_EMIT_LOC_STRINGS = YES;
				SWIFT_UPCOMING_FEATURE_MEMBER_IMPORT_VISIBILITY = YES;
				SWIFT_VERSION = 5.0;
				TARGETED_DEVICE_FAMILY = "1,2";
			};
			name = Release;
		};
		474A02E62EA27BFF00C1A65D /* Debug */ = {
			isa = XCBuildConfiguration;
			buildSettings = {
				ALWAYS_SEARCH_USER_PATHS = NO;
				ASSETCATALOG_COMPILER_GENERATE_SWIFT_ASSET_SYMBOL_EXTENSIONS = YES;
				CLANG_ANALYZER_NONNULL = YES;
				CLANG_ANALYZER_NUMBER_OBJECT_CONVERSION = YES_AGGRESSIVE;
				CLANG_CXX_LANGUAGE_STANDARD = "gnu++20";
				CLANG_ENABLE_MODULES = YES;
				CLANG_ENABLE_OBJC_ARC = YES;
				CLANG_ENABLE_OBJC_WEAK = YES;
				CLANG_WARN_BLOCK_CAPTURE_AUTORELEASING = YES;
				CLANG_WARN_BOOL_CONVERSION = YES;
				CLANG_WARN_COMMA = YES;
				CLANG_WARN_CONSTANT_CONVERSION = YES;
				CLANG_WARN_DEPRECATED_OBJC_IMPLEMENTATIONS = YES;
				CLANG_WARN_DIRECT_OBJC_ISA_USAGE = YES_ERROR;
				CLANG_WARN_DOCUMENTATION_COMMENTS = YES;
				CLANG_WARN_EMPTY_BODY = YES;
				CLANG_WARN_ENUM_CONVERSION = YES;
				CLANG_WARN_INFINITE_RECURSION = YES;
				CLANG_WARN_INT_CONVERSION = YES;
				CLANG_WARN_NON_LITERAL_NULL_CONVERSION = YES;
				CLANG_WARN_OBJC_IMPLICIT_RETAIN_SELF = YES;
				CLANG_WARN_OBJC_LITERAL_CONVERSION = YES;
				CLANG_WARN_OBJC_ROOT_CLASS = YES_ERROR;
				CLANG_WARN_QUOTED_INCLUDE_IN_FRAMEWORK_HEADER = YES;
				CLANG_WARN_RANGE_LOOP_ANALYSIS = YES;
				CLANG_WARN_STRICT_PROTOTYPES = YES;
				CLANG_WARN_SUSPICIOUS_MOVE = YES;
				CLANG_WARN_UNGUARDED_AVAILABILITY = YES_AGGRESSIVE;
				CLANG_WARN_UNREACHABLE_CODE = YES;
				CLANG_WARN__DUPLICATE_METHOD_MATCH = YES;
				COPY_PHASE_STRIP = NO;
				DEBUG_INFORMATION_FORMAT = dwarf;
				DEVELOPMENT_TEAM = G476AFA49S;
				ENABLE_STRICT_OBJC_MSGSEND = YES;
				ENABLE_TESTABILITY = YES;
				ENABLE_USER_SCRIPT_SANDBOXING = YES;
				GCC_C_LANGUAGE_STANDARD = gnu17;
				GCC_DYNAMIC_NO_PIC = NO;
				GCC_NO_COMMON_BLOCKS = YES;
				GCC_OPTIMIZATION_LEVEL = 0;
				GCC_PREPROCESSOR_DEFINITIONS = (
					"DEBUG=1",
					"$(inherited)",
				);
				GCC_WARN_64_TO_32_BIT_CONVERSION = YES;
				GCC_WARN_ABOUT_RETURN_TYPE = YES_ERROR;
				GCC_WARN_UNDECLARED_SELECTOR = YES;
				GCC_WARN_UNINITIALIZED_AUTOS = YES_AGGRESSIVE;
				GCC_WARN_UNUSED_FUNCTION = YES;
				GCC_WARN_UNUSED_VARIABLE = YES;
				IPHONEOS_DEPLOYMENT_TARGET = 26.0;
				LOCALIZATION_PREFERS_STRING_CATALOGS = YES;
				MTL_ENABLE_DEBUG_INFO = INCLUDE_SOURCE;
				MTL_FAST_MATH = YES;
				ONLY_ACTIVE_ARCH = YES;
				SDKROOT = iphoneos;
				SWIFT_ACTIVE_COMPILATION_CONDITIONS = "DEBUG $(inherited)";
				SWIFT_EMIT_LOC_STRINGS = YES;
				SWIFT_OPTIMIZATION_LEVEL = "-Onone";
			};
			name = Debug;
		};
		474A02E72EA27BFF00C1A65D /* Release */ = {
			isa = XCBuildConfiguration;
			buildSettings = {
				ALWAYS_SEARCH_USER_PATHS = NO;
				ASSETCATALOG_COMPILER_GENERATE_SWIFT_ASSET_SYMBOL_EXTENSIONS = YES;
				CLANG_ANALYZER_NONNULL = YES;
				CLANG_ANALYZER_NUMBER_OBJECT_CONVERSION = YES_AGGRESSIVE;
				CLANG_CXX_LANGUAGE_STANDARD = "gnu++20";
				CLANG_ENABLE_MODULES = YES;
				CLANG_ENABLE_OBJC_ARC = YES;
				CLANG_ENABLE_OBJC_WEAK = YES;
				CLANG_WARN_BLOCK_CAPTURE_AUTORELEASING = YES;
				CLANG_WARN_BOOL_CONVERSION = YES;
				CLANG_WARN_COMMA = YES;
				CLANG_WARN_CONSTANT_CONVERSION = YES;
				CLANG_WARN_DEPRECATED_OBJC_IMPLEMENTATIONS = YES;
				CLANG_WARN_DIRECT_OBJC_ISA_USAGE = YES_ERROR;
				CLANG_WARN_DOCUMENTATION_COMMENTS = YES;
				CLANG_WARN_EMPTY_BODY = YES;
				CLANG_WARN_ENUM_CONVERSION = YES;
				CLANG_WARN_INFINITE_RECURSION = YES;
				CLANG_WARN_INT_CONVERSION = YES;
				CLANG_WARN_NON_LITERAL_NULL_CONVERSION = YES;
				CLANG_WARN_OBJC_IMPLICIT_RETAIN_SELF = YES;
				CLANG_WARN_OBJC_LITERAL_CONVERSION = YES;
				CLANG_WARN_OBJC_ROOT_CLASS = YES_ERROR;
				CLANG_WARN_QUOTED_INCLUDE_IN_FRAMEWORK_HEADER = YES;
				CLANG_WARN_RANGE_LOOP_ANALYSIS = YES;
				CLANG_WARN_STRICT_PROTOTYPES = YES;
				CLANG_WARN_SUSPICIOUS_MOVE = YES;
				CLANG_WARN_UNGUARDED_AVAILABILITY = YES_AGGRESSIVE;
				CLANG_WARN_UNREACHABLE_CODE = YES;
				CLANG_WARN__DUPLICATE_METHOD_MATCH = YES;
				COPY_PHASE_STRIP = NO;
				DEBUG_INFORMATION_FORMAT = "dwarf-with-dsym";
				DEVELOPMENT_TEAM = G476AFA49S;
				ENABLE_NS_ASSERTIONS = NO;
				ENABLE_STRICT_OBJC_MSGSEND = YES;
				ENABLE_USER_SCRIPT_SANDBOXING = YES;
				GCC_C_LANGUAGE_STANDARD = gnu17;
				GCC_NO_COMMON_BLOCKS = YES;
				GCC_WARN_64_TO_32_BIT_CONVERSION = YES;
				GCC_WARN_ABOUT_RETURN_TYPE = YES_ERROR;
				GCC_WARN_UNDECLARED_SELECTOR = YES;
				GCC_WARN_UNINITIALIZED_AUTOS = YES_AGGRESSIVE;
				GCC_WARN_UNUSED_FUNCTION = YES;
				GCC_WARN_UNUSED_VARIABLE = YES;
				IPHONEOS_DEPLOYMENT_TARGET = 26.0;
				LOCALIZATION_PREFERS_STRING_CATALOGS = YES;
				MTL_ENABLE_DEBUG_INFO = NO;
				MTL_FAST_MATH = YES;
				SDKROOT = iphoneos;
				SWIFT_COMPILATION_MODE = wholemodule;
				SWIFT_EMIT_LOC_STRINGS = YES;
				VALIDATE_PRODUCT = YES;
			};
			name = Release;
		};
/* End XCBuildConfiguration section */

/* Begin XCConfigurationList section */
		474A02CB2EA27BFE00C1A65D /* Build configuration list for PBXProject "ScratchTraxApp2" */ = {
			isa = XCConfigurationList;
			buildConfigurations = (
				474A02E62EA27BFF00C1A65D /* Debug */,
				474A02E72EA27BFF00C1A65D /* Release */,
			);
			defaultConfigurationIsVisible = 0;
			defaultConfigurationName = Release;
		};
		474A02E32EA27BFF00C1A65D /* Build configuration list for PBXNativeTarget "ScratchTraxApp2" */ = {
			isa = XCConfigurationList;
			buildConfigurations = (
				474A02E42EA27BFF00C1A65D /* Debug */,
				474A02E52EA27BFF00C1A65D /* Release */,
			);
			defaultConfigurationIsVisible = 0;
			defaultConfigurationName = Release;
		};
/* End XCConfigurationList section */
	};
	rootObject = 474A02C82EA27BFE00C1A65D /* Project object */;
}
