// !$*UTF8*$!
{
	archiveVersion = 1;
	classes = {
	};
	objectVersion = 77;
	objects = {

/* Begin PBXBuildFile section */
		47E9BE092E94252F00F7CCEE /* RecordingsFW.framework in Frameworks */ = {isa = PBXBuildFile; fileRef = 47E9BDFF2E94252F00F7CCEE /* RecordingsFW.framework */; };
		47E9BEBE2E943BB700F7CCEE /* RecordingsFW.framework in Frameworks */ = {isa = PBXBuildFile; fileRef = 47E9BDFF2E94252F00F7CCEE /* RecordingsFW.framework */; };
		47E9BEBF2E943BB700F7CCEE /* RecordingsFW.framework in Embed Frameworks */ = {isa = PBXBuildFile; fileRef = 47E9BDFF2E94252F00F7CCEE /* RecordingsFW.framework */; settings = {ATTRIBUTES = (CodeSignOnCopy, RemoveHeadersOnCopy, ); }; };
/* End PBXBuildFile section */

/* Begin PBXContainerItemProxy section */
		47E9BE0A2E94252F00F7CCEE /* PBXContainerItemProxy */ = {
			isa = PBXContainerItemProxy;
			containerPortal = 47E9BDF62E94252F00F7CCEE /* Project object */;
			proxyType = 1;
			remoteGlobalIDString = 47E9BDFE2E94252F00F7CCEE;
			remoteInfo = RecordingsFW;
		};
		47E9BEA22E943B7A00F7CCEE /* PBXContainerItemProxy */ = {
			isa = PBXContainerItemProxy;
			containerPortal = 47E9BDF62E94252F00F7CCEE /* Project object */;
			proxyType = 1;
			remoteGlobalIDString = 47E9BE8B2E943B7A00F7CCEE;
			remoteInfo = RecordingsApp;
		};
		47E9BEAC2E943B7A00F7CCEE /* PBXContainerItemProxy */ = {
			isa = PBXContainerItemProxy;
			containerPortal = 47E9BDF62E94252F00F7CCEE /* Project object */;
			proxyType = 1;
			remoteGlobalIDString = 47E9BE8B2E943B7A00F7CCEE;
			remoteInfo = RecordingsApp;
		};
		47E9BEC02E943BB700F7CCEE /* PBXContainerItemProxy */ = {
			isa = PBXContainerItemProxy;
			containerPortal = 47E9BDF62E94252F00F7CCEE /* Project object */;
			proxyType = 1;
			remoteGlobalIDString = 47E9BDFE2E94252F00F7CCEE;
			remoteInfo = RecordingsFW;
		};
/* End PBXContainerItemProxy section */

/* Begin PBXCopyFilesBuildPhase section */
		47E9BEC22E943BB700F7CCEE /* Embed Frameworks */ = {
			isa = PBXCopyFilesBuildPhase;
			buildActionMask = 2147483647;
			dstPath = "";
			dstSubfolderSpec = 10;
			files = (
				47E9BEBF2E943BB700F7CCEE /* RecordingsFW.framework in Embed Frameworks */,
			);
			name = "Embed Frameworks";
			runOnlyForDeploymentPostprocessing = 0;
		};
/* End PBXCopyFilesBuildPhase section */

/* Begin PBXFileReference section */
		47234A432E9548A000A21A51 /* RecordingsApp.xctestplan */ = {isa = PBXFileReference; lastKnownFileType = text; path = RecordingsApp.xctestplan; sourceTree = "<group>"; };
		47234A842E955BAD00A21A51 /* RecordingsFW.xctestplan */ = {isa = PBXFileReference; lastKnownFileType = text; path = RecordingsFW.xctestplan; sourceTree = "<group>"; };
		47E9BDFF2E94252F00F7CCEE /* RecordingsFW.framework */ = {isa = PBXFileReference; explicitFileType = wrapper.framework; includeInIndex = 0; path = RecordingsFW.framework; sourceTree = BUILT_PRODUCTS_DIR; };
		47E9BE082E94252F00F7CCEE /* RecordingsFWTests.xctest */ = {isa = PBXFileReference; explicitFileType = wrapper.cfbundle; includeInIndex = 0; path = RecordingsFWTests.xctest; sourceTree = BUILT_PRODUCTS_DIR; };
		47E9BE8C2E943B7A00F7CCEE /* RecordingsApp.app */ = {isa = PBXFileReference; explicitFileType = wrapper.application; includeInIndex = 0; path = RecordingsApp.app; sourceTree = BUILT_PRODUCTS_DIR; };
		47E9BEA12E943B7A00F7CCEE /* RecordingsAppTests.xctest */ = {isa = PBXFileReference; explicitFileType = wrapper.cfbundle; includeInIndex = 0; path = RecordingsAppTests.xctest; sourceTree = BUILT_PRODUCTS_DIR; };
		47E9BEAB2E943B7A00F7CCEE /* RecordingsAppUITests.xctest */ = {isa = PBXFileReference; explicitFileType = wrapper.cfbundle; includeInIndex = 0; path = RecordingsAppUITests.xctest; sourceTree = BUILT_PRODUCTS_DIR; };
/* End PBXFileReference section */

/* Begin PBXFileSystemSynchronizedBuildFileExceptionSet section */
		47E9BE6D2E9439AA00F7CCEE /* Exceptions for "RecordingsFW" folder in "RecordingsFW" target */ = {
			isa = PBXFileSystemSynchronizedBuildFileExceptionSet;
			publicHeaders = (
				RecordingsFW.h,
			);
			target = 47E9BDFE2E94252F00F7CCEE /* RecordingsFW */;
		};
		47E9BEB32E943B7A00F7CCEE /* Exceptions for "RecordingsApp" folder in "RecordingsApp" target */ = {
			isa = PBXFileSystemSynchronizedBuildFileExceptionSet;
			membershipExceptions = (
				Info.plist,
			);
			target = 47E9BE8B2E943B7A00F7CCEE /* RecordingsApp */;
		};
/* End PBXFileSystemSynchronizedBuildFileExceptionSet section */

/* Begin PBXFileSystemSynchronizedRootGroup section */
		47E9BE012E94252F00F7CCEE /* RecordingsFW */ = {
			isa = PBXFileSystemSynchronizedRootGroup;
			exceptions = (
				47E9BE6D2E9439AA00F7CCEE /* Exceptions for "RecordingsFW" folder in "RecordingsFW" target */,
			);
			path = RecordingsFW;
			sourceTree = "<group>";
		};
		47E9BE0C2E94252F00F7CCEE /* RecordingsFWTests */ = {
			isa = PBXFileSystemSynchronizedRootGroup;
			path = RecordingsFWTests;
			sourceTree = "<group>";
		};
		47E9BE8D2E943B7A00F7CCEE /* RecordingsApp */ = {
			isa = PBXFileSystemSynchronizedRootGroup;
			exceptions = (
				47E9BEB32E943B7A00F7CCEE /* Exceptions for "RecordingsApp" folder in "RecordingsApp" target */,
			);
			path = RecordingsApp;
			sourceTree = "<group>";
		};
		47E9BEA42E943B7A00F7CCEE /* RecordingsAppTests */ = {
			isa = PBXFileSystemSynchronizedRootGroup;
			path = RecordingsAppTests;
			sourceTree = "<group>";
		};
		47E9BEAE2E943B7A00F7CCEE /* RecordingsAppUITests */ = {
			isa = PBXFileSystemSynchronizedRootGroup;
			path = RecordingsAppUITests;
			sourceTree = "<group>";
		};
/* End PBXFileSystemSynchronizedRootGroup section */

/* Begin PBXFrameworksBuildPhase section */
		47E9BDFC2E94252F00F7CCEE /* Frameworks */ = {
			isa = PBXFrameworksBuildPhase;
			buildActionMask = 2147483647;
			files = (
			);
			runOnlyForDeploymentPostprocessing = 0;
		};
		47E9BE052E94252F00F7CCEE /* Frameworks */ = {
			isa = PBXFrameworksBuildPhase;
			buildActionMask = 2147483647;
			files = (
				47E9BE092E94252F00F7CCEE /* RecordingsFW.framework in Frameworks */,
			);
			runOnlyForDeploymentPostprocessing = 0;
		};
		47E9BE892E943B7A00F7CCEE /* Frameworks */ = {
			isa = PBXFrameworksBuildPhase;
			buildActionMask = 2147483647;
			files = (
				47E9BEBE2E943BB700F7CCEE /* RecordingsFW.framework in Frameworks */,
			);
			runOnlyForDeploymentPostprocessing = 0;
		};
		47E9BE9E2E943B7A00F7CCEE /* Frameworks */ = {
			isa = PBXFrameworksBuildPhase;
			buildActionMask = 2147483647;
			files = (
			);
			runOnlyForDeploymentPostprocessing = 0;
		};
		47E9BEA82E943B7A00F7CCEE /* Frameworks */ = {
			isa = PBXFrameworksBuildPhase;
			buildActionMask = 2147483647;
			files = (
			);
			runOnlyForDeploymentPostprocessing = 0;
		};
/* End PBXFrameworksBuildPhase section */

/* Begin PBXGroup section */
		47E9BDF52E94252F00F7CCEE = {
			isa = PBXGroup;
			children = (
				47234A432E9548A000A21A51 /* RecordingsApp.xctestplan */,
				47234A842E955BAD00A21A51 /* RecordingsFW.xctestplan */,
				47E9BEBD2E943BB700F7CCEE /* Frameworks */,
				47E9BE002E94252F00F7CCEE /* Products */,
				47E9BE8D2E943B7A00F7CCEE /* RecordingsApp */,
				47E9BEA42E943B7A00F7CCEE /* RecordingsAppTests */,
				47E9BEAE2E943B7A00F7CCEE /* RecordingsAppUITests */,
				47E9BE012E94252F00F7CCEE /* RecordingsFW */,
				47E9BE0C2E94252F00F7CCEE /* RecordingsFWTests */,
			);
			sourceTree = "<group>";
		};
		47E9BE002E94252F00F7CCEE /* Products */ = {
			isa = PBXGroup;
			children = (
				47E9BDFF2E94252F00F7CCEE /* RecordingsFW.framework */,
				47E9BE082E94252F00F7CCEE /* RecordingsFWTests.xctest */,
				47E9BE8C2E943B7A00F7CCEE /* RecordingsApp.app */,
				47E9BEA12E943B7A00F7CCEE /* RecordingsAppTests.xctest */,
				47E9BEAB2E943B7A00F7CCEE /* RecordingsAppUITests.xctest */,
			);
			name = Products;
			sourceTree = "<group>";
		};
		47E9BEBD2E943BB700F7CCEE /* Frameworks */ = {
			isa = PBXGroup;
			children = (
			);
			name = Frameworks;
			sourceTree = "<group>";
		};
/* End PBXGroup section */

/* Begin PBXHeadersBuildPhase section */
		47E9BDFA2E94252F00F7CCEE /* Headers */ = {
			isa = PBXHeadersBuildPhase;
			buildActionMask = 2147483647;
			files = (
			);
			runOnlyForDeploymentPostprocessing = 0;
		};
/* End PBXHeadersBuildPhase section */

/* Begin PBXNativeTarget section */
		47E9BDFE2E94252F00F7CCEE /* RecordingsFW */ = {
			isa = PBXNativeTarget;
			buildConfigurationList = 47E9BE112E94252F00F7CCEE /* Build configuration list for PBXNativeTarget "RecordingsFW" */;
			buildPhases = (
				47E9BDFA2E94252F00F7CCEE /* Headers */,
				47E9BDFB2E94252F00F7CCEE /* Sources */,
				47E9BDFC2E94252F00F7CCEE /* Frameworks */,
				47E9BDFD2E94252F00F7CCEE /* Resources */,
			);
			buildRules = (
			);
			dependencies = (
			);
			fileSystemSynchronizedGroups = (
				47E9BE012E94252F00F7CCEE /* RecordingsFW */,
			);
			name = RecordingsFW;
			packageProductDependencies = (
			);
			productName = RecordingsFW;
			productReference = 47E9BDFF2E94252F00F7CCEE /* RecordingsFW.framework */;
			productType = "com.apple.product-type.framework";
		};
		47E9BE072E94252F00F7CCEE /* RecordingsFWTests */ = {
			isa = PBXNativeTarget;
			buildConfigurationList = 47E9BE142E94252F00F7CCEE /* Build configuration list for PBXNativeTarget "RecordingsFWTests" */;
			buildPhases = (
				47E9BE042E94252F00F7CCEE /* Sources */,
				47E9BE052E94252F00F7CCEE /* Frameworks */,
				47E9BE062E94252F00F7CCEE /* Resources */,
			);
			buildRules = (
			);
			dependencies = (
				47E9BE0B2E94252F00F7CCEE /* PBXTargetDependency */,
			);
			fileSystemSynchronizedGroups = (
				47E9BE0C2E94252F00F7CCEE /* RecordingsFWTests */,
			);
			name = RecordingsFWTests;
			packageProductDependencies = (
			);
			productName = RecordingsFWTests;
			productReference = 47E9BE082E94252F00F7CCEE /* RecordingsFWTests.xctest */;
			productType = "com.apple.product-type.bundle.unit-test";
		};
		47E9BE8B2E943B7A00F7CCEE /* RecordingsApp */ = {
			isa = PBXNativeTarget;
			buildConfigurationList = 47E9BEB42E943B7A00F7CCEE /* Build configuration list for PBXNativeTarget "RecordingsApp" */;
			buildPhases = (
				47E9BE882E943B7A00F7CCEE /* Sources */,
				47E9BE892E943B7A00F7CCEE /* Frameworks */,
				47E9BE8A2E943B7A00F7CCEE /* Resources */,
				47E9BEC22E943BB700F7CCEE /* Embed Frameworks */,
			);
			buildRules = (
			);
			dependencies = (
				47E9BEC12E943BB700F7CCEE /* PBXTargetDependency */,
			);
			fileSystemSynchronizedGroups = (
				47E9BE8D2E943B7A00F7CCEE /* RecordingsApp */,
			);
			name = RecordingsApp;
			packageProductDependencies = (
			);
			productName = RecordingsApp;
			productReference = 47E9BE8C2E943B7A00F7CCEE /* RecordingsApp.app */;
			productType = "com.apple.product-type.application";
		};
		47E9BEA02E943B7A00F7CCEE /* RecordingsAppTests */ = {
			isa = PBXNativeTarget;
			buildConfigurationList = 47E9BEB72E943B7A00F7CCEE /* Build configuration list for PBXNativeTarget "RecordingsAppTests" */;
			buildPhases = (
				47E9BE9D2E943B7A00F7CCEE /* Sources */,
				47E9BE9E2E943B7A00F7CCEE /* Frameworks */,
				47E9BE9F2E943B7A00F7CCEE /* Resources */,
			);
			buildRules = (
			);
			dependencies = (
				47E9BEA32E943B7A00F7CCEE /* PBXTargetDependency */,
			);
			fileSystemSynchronizedGroups = (
				47E9BEA42E943B7A00F7CCEE /* RecordingsAppTests */,
			);
			name = RecordingsAppTests;
			packageProductDependencies = (
			);
			productName = RecordingsAppTests;
			productReference = 47E9BEA12E943B7A00F7CCEE /* RecordingsAppTests.xctest */;
			productType = "com.apple.product-type.bundle.unit-test";
		};
		47E9BEAA2E943B7A00F7CCEE /* RecordingsAppUITests */ = {
			isa = PBXNativeTarget;
			buildConfigurationList = 47E9BEBA2E943B7A00F7CCEE /* Build configuration list for PBXNativeTarget "RecordingsAppUITests" */;
			buildPhases = (
				47E9BEA72E943B7A00F7CCEE /* Sources */,
				47E9BEA82E943B7A00F7CCEE /* Frameworks */,
				47E9BEA92E943B7A00F7CCEE /* Resources */,
			);
			buildRules = (
			);
			dependencies = (
				47E9BEAD2E943B7A00F7CCEE /* PBXTargetDependency */,
			);
			fileSystemSynchronizedGroups = (
				47E9BEAE2E943B7A00F7CCEE /* RecordingsAppUITests */,
			);
			name = RecordingsAppUITests;
			packageProductDependencies = (
			);
			productName = RecordingsAppUITests;
			productReference = 47E9BEAB2E943B7A00F7CCEE /* RecordingsAppUITests.xctest */;
			productType = "com.apple.product-type.bundle.ui-testing";
		};
/* End PBXNativeTarget section */

/* Begin PBXProject section */
		47E9BDF62E94252F00F7CCEE /* Project object */ = {
			isa = PBXProject;
			attributes = {
				BuildIndependentTargetsInParallel = 1;
				LastSwiftUpdateCheck = 2600;
				LastUpgradeCheck = 2600;
				TargetAttributes = {
					47E9BDFE2E94252F00F7CCEE = {
						CreatedOnToolsVersion = 26.0.1;
						LastSwiftMigration = 2600;
					};
					47E9BE072E94252F00F7CCEE = {
						CreatedOnToolsVersion = 26.0.1;
					};
					47E9BE8B2E943B7A00F7CCEE = {
						CreatedOnToolsVersion = 26.0.1;
					};
					47E9BEA02E943B7A00F7CCEE = {
						CreatedOnToolsVersion = 26.0.1;
						TestTargetID = 47E9BE8B2E943B7A00F7CCEE;
					};
					47E9BEAA2E943B7A00F7CCEE = {
						CreatedOnToolsVersion = 26.0.1;
						TestTargetID = 47E9BE8B2E943B7A00F7CCEE;
					};
				};
			};
			buildConfigurationList = 47E9BDF92E94252F00F7CCEE /* Build configuration list for PBXProject "RecordingsFW" */;
			developmentRegion = en;
			hasScannedForEncodings = 0;
			knownRegions = (
				en,
				Base,
			);
			mainGroup = 47E9BDF52E94252F00F7CCEE;
			minimizedProjectReferenceProxies = 1;
			preferredProjectObjectVersion = 77;
			productRefGroup = 47E9BE002E94252F00F7CCEE /* Products */;
			projectDirPath = "";
			projectRoot = "";
			targets = (
				47E9BDFE2E94252F00F7CCEE /* RecordingsFW */,
				47E9BE072E94252F00F7CCEE /* RecordingsFWTests */,
				47E9BE8B2E943B7A00F7CCEE /* RecordingsApp */,
				47E9BEA02E943B7A00F7CCEE /* RecordingsAppTests */,
				47E9BEAA2E943B7A00F7CCEE /* RecordingsAppUITests */,
			);
		};
/* End PBXProject section */

/* Begin PBXResourcesBuildPhase section */
		47E9BDFD2E94252F00F7CCEE /* Resources */ = {
			isa = PBXResourcesBuildPhase;
			buildActionMask = 2147483647;
			files = (
			);
			runOnlyForDeploymentPostprocessing = 0;
		};
		47E9BE062E94252F00F7CCEE /* Resources */ = {
			isa = PBXResourcesBuildPhase;
			buildActionMask = 2147483647;
			files = (
			);
			runOnlyForDeploymentPostprocessing = 0;
		};
		47E9BE8A2E943B7A00F7CCEE /* Resources */ = {
			isa = PBXResourcesBuildPhase;
			buildActionMask = 2147483647;
			files = (
			);
			runOnlyForDeploymentPostprocessing = 0;
		};
		47E9BE9F2E943B7A00F7CCEE /* Resources */ = {
			isa = PBXResourcesBuildPhase;
			buildActionMask = 2147483647;
			files = (
			);
			runOnlyForDeploymentPostprocessing = 0;
		};
		47E9BEA92E943B7A00F7CCEE /* Resources */ = {
			isa = PBXResourcesBuildPhase;
			buildActionMask = 2147483647;
			files = (
			);
			runOnlyForDeploymentPostprocessing = 0;
		};
/* End PBXResourcesBuildPhase section */

/* Begin PBXSourcesBuildPhase section */
		47E9BDFB2E94252F00F7CCEE /* Sources */ = {
			isa = PBXSourcesBuildPhase;
			buildActionMask = 2147483647;
			files = (
			);
			runOnlyForDeploymentPostprocessing = 0;
		};
		47E9BE042E94252F00F7CCEE /* Sources */ = {
			isa = PBXSourcesBuildPhase;
			buildActionMask = 2147483647;
			files = (
			);
			runOnlyForDeploymentPostprocessing = 0;
		};
		47E9BE882E943B7A00F7CCEE /* Sources */ = {
			isa = PBXSourcesBuildPhase;
			buildActionMask = 2147483647;
			files = (
			);
			runOnlyForDeploymentPostprocessing = 0;
		};
		47E9BE9D2E943B7A00F7CCEE /* Sources */ = {
			isa = PBXSourcesBuildPhase;
			buildActionMask = 2147483647;
			files = (
			);
			runOnlyForDeploymentPostprocessing = 0;
		};
		47E9BEA72E943B7A00F7CCEE /* Sources */ = {
			isa = PBXSourcesBuildPhase;
			buildActionMask = 2147483647;
			files = (
			);
			runOnlyForDeploymentPostprocessing = 0;
		};
/* End PBXSourcesBuildPhase section */

/* Begin PBXTargetDependency section */
		47E9BE0B2E94252F00F7CCEE /* PBXTargetDependency */ = {
			isa = PBXTargetDependency;
			target = 47E9BDFE2E94252F00F7CCEE /* RecordingsFW */;
			targetProxy = 47E9BE0A2E94252F00F7CCEE /* PBXContainerItemProxy */;
		};
		47E9BEA32E943B7A00F7CCEE /* PBXTargetDependency */ = {
			isa = PBXTargetDependency;
			target = 47E9BE8B2E943B7A00F7CCEE /* RecordingsApp */;
			targetProxy = 47E9BEA22E943B7A00F7CCEE /* PBXContainerItemProxy */;
		};
		47E9BEAD2E943B7A00F7CCEE /* PBXTargetDependency */ = {
			isa = PBXTargetDependency;
			target = 47E9BE8B2E943B7A00F7CCEE /* RecordingsApp */;
			targetProxy = 47E9BEAC2E943B7A00F7CCEE /* PBXContainerItemProxy */;
		};
		47E9BEC12E943BB700F7CCEE /* PBXTargetDependency */ = {
			isa = PBXTargetDependency;
			target = 47E9BDFE2E94252F00F7CCEE /* RecordingsFW */;
			targetProxy = 47E9BEC02E943BB700F7CCEE /* PBXContainerItemProxy */;
		};
/* End PBXTargetDependency section */

/* Begin XCBuildConfiguration section */
		47E9BE0F2E94252F00F7CCEE /* Debug */ = {
			isa = XCBuildConfiguration;
			buildSettings = {
				ALWAYS_SEARCH_USER_PATHS = NO;
				ASSETCATALOG_COMPILER_GENERATE_SWIFT_ASSET_SYMBOL_EXTENSIONS = YES;
				CLANG_ANALYZER_NONNULL = YES;
				CLANG_ANALYZER_NUMBER_OBJECT_CONVERSION = YES_AGGRESSIVE;
				CLANG_CXX_LANGUAGE_STANDARD = "gnu++20";
				CLANG_ENABLE_MODULES = YES;
				CLANG_ENABLE_OBJC_ARC = YES;
				CLANG_ENABLE_OBJC_WEAK = YES;
				CLANG_WARN_BLOCK_CAPTURE_AUTORELEASING = YES;
				CLANG_WARN_BOOL_CONVERSION = YES;
				CLANG_WARN_COMMA = YES;
				CLANG_WARN_CONSTANT_CONVERSION = YES;
				CLANG_WARN_DEPRECATED_OBJC_IMPLEMENTATIONS = YES;
				CLANG_WARN_DIRECT_OBJC_ISA_USAGE = YES_ERROR;
				CLANG_WARN_DOCUMENTATION_COMMENTS = YES;
				CLANG_WARN_EMPTY_BODY = YES;
				CLANG_WARN_ENUM_CONVERSION = YES;
				CLANG_WARN_INFINITE_RECURSION = YES;
				CLANG_WARN_INT_CONVERSION = YES;
				CLANG_WARN_NON_LITERAL_NULL_CONVERSION = YES;
				CLANG_WARN_OBJC_IMPLICIT_RETAIN_SELF = YES;
				CLANG_WARN_OBJC_LITERAL_CONVERSION = YES;
				CLANG_WARN_OBJC_ROOT_CLASS = YES_ERROR;
				CLANG_WARN_QUOTED_INCLUDE_IN_FRAMEWORK_HEADER = YES;
				CLANG_WARN_RANGE_LOOP_ANALYSIS = YES;
				CLANG_WARN_STRICT_PROTOTYPES = YES;
				CLANG_WARN_SUSPICIOUS_MOVE = YES;
				CLANG_WARN_UNGUARDED_AVAILABILITY = YES_AGGRESSIVE;
				CLANG_WARN_UNREACHABLE_CODE = YES;
				CLANG_WARN__DUPLICATE_METHOD_MATCH = YES;
				COPY_PHASE_STRIP = NO;
				CURRENT_PROJECT_VERSION = 1;
				DEBUG_INFORMATION_FORMAT = dwarf;
				DEVELOPMENT_TEAM = G476AFA49S;
				ENABLE_STRICT_OBJC_MSGSEND = YES;
				ENABLE_TESTABILITY = YES;
				ENABLE_USER_SCRIPT_SANDBOXING = YES;
				GCC_C_LANGUAGE_STANDARD = gnu17;
				GCC_DYNAMIC_NO_PIC = NO;
				GCC_NO_COMMON_BLOCKS = YES;
				GCC_OPTIMIZATION_LEVEL = 0;
				GCC_PREPROCESSOR_DEFINITIONS = (
					"DEBUG=1",
					"$(inherited)",
				);
				GCC_WARN_64_TO_32_BIT_CONVERSION = YES;
				GCC_WARN_ABOUT_RETURN_TYPE = YES_ERROR;
				GCC_WARN_UNDECLARED_SELECTOR = YES;
				GCC_WARN_UNINITIALIZED_AUTOS = YES_AGGRESSIVE;
				GCC_WARN_UNUSED_FUNCTION = YES;
				GCC_WARN_UNUSED_VARIABLE = YES;
				IPHONEOS_DEPLOYMENT_TARGET = 26.0;
				LOCALIZATION_PREFERS_STRING_CATALOGS = YES;
				MTL_ENABLE_DEBUG_INFO = INCLUDE_SOURCE;
				MTL_FAST_MATH = YES;
				ONLY_ACTIVE_ARCH = YES;
				SDKROOT = iphoneos;
				SWIFT_ACTIVE_COMPILATION_CONDITIONS = "DEBUG $(inherited)";
				SWIFT_OPTIMIZATION_LEVEL = "-Onone";
				VERSIONING_SYSTEM = "apple-generic";
				VERSION_INFO_PREFIX = "";
			};
			name = Debug;
		};
		47E9BE102E94252F00F7CCEE /* Release */ = {
			isa = XCBuildConfiguration;
			buildSettings = {
				ALWAYS_SEARCH_USER_PATHS = NO;
				ASSETCATALOG_COMPILER_GENERATE_SWIFT_ASSET_SYMBOL_EXTENSIONS = YES;
				CLANG_ANALYZER_NONNULL = YES;
				CLANG_ANALYZER_NUMBER_OBJECT_CONVERSION = YES_AGGRESSIVE;
				CLANG_CXX_LANGUAGE_STANDARD = "gnu++20";
				CLANG_ENABLE_MODULES = YES;
				CLANG_ENABLE_OBJC_ARC = YES;
				CLANG_ENABLE_OBJC_WEAK = YES;
				CLANG_WARN_BLOCK_CAPTURE_AUTORELEASING = YES;
				CLANG_WARN_BOOL_CONVERSION = YES;
				CLANG_WARN_COMMA = YES;
				CLANG_WARN_CONSTANT_CONVERSION = YES;
				CLANG_WARN_DEPRECATED_OBJC_IMPLEMENTATIONS = YES;
				CLANG_WARN_DIRECT_OBJC_ISA_USAGE = YES_ERROR;
				CLANG_WARN_DOCUMENTATION_COMMENTS = YES;
				CLANG_WARN_EMPTY_BODY = YES;
				CLANG_WARN_ENUM_CONVERSION = YES;
				CLANG_WARN_INFINITE_RECURSION = YES;
				CLANG_WARN_INT_CONVERSION = YES;
				CLANG_WARN_NON_LITERAL_NULL_CONVERSION = YES;
				CLANG_WARN_OBJC_IMPLICIT_RETAIN_SELF = YES;
				CLANG_WARN_OBJC_LITERAL_CONVERSION = YES;
				CLANG_WARN_OBJC_ROOT_CLASS = YES_ERROR;
				CLANG_WARN_QUOTED_INCLUDE_IN_FRAMEWORK_HEADER = YES;
				CLANG_WARN_RANGE_LOOP_ANALYSIS = YES;
				CLANG_WARN_STRICT_PROTOTYPES = YES;
				CLANG_WARN_SUSPICIOUS_MOVE = YES;
				CLANG_WARN_UNGUARDED_AVAILABILITY = YES_AGGRESSIVE;
				CLANG_WARN_UNREACHABLE_CODE = YES;
				CLANG_WARN__DUPLICATE_METHOD_MATCH = YES;
				COPY_PHASE_STRIP = NO;
				CURRENT_PROJECT_VERSION = 1;
				DEBUG_INFORMATION_FORMAT = "dwarf-with-dsym";
				DEVELOPMENT_TEAM = G476AFA49S;
				ENABLE_NS_ASSERTIONS = NO;
				ENABLE_STRICT_OBJC_MSGSEND = YES;
				ENABLE_USER_SCRIPT_SANDBOXING = YES;
				GCC_C_LANGUAGE_STANDARD = gnu17;
				GCC_NO_COMMON_BLOCKS = YES;
				GCC_WARN_64_TO_32_BIT_CONVERSION = YES;
				GCC_WARN_ABOUT_RETURN_TYPE = YES_ERROR;
				GCC_WARN_UNDECLARED_SELECTOR = YES;
				GCC_WARN_UNINITIALIZED_AUTOS = YES_AGGRESSIVE;
				GCC_WARN_UNUSED_FUNCTION = YES;
				GCC_WARN_UNUSED_VARIABLE = YES;
				IPHONEOS_DEPLOYMENT_TARGET = 26.0;
				LOCALIZATION_PREFERS_STRING_CATALOGS = YES;
				MTL_ENABLE_DEBUG_INFO = NO;
				MTL_FAST_MATH = YES;
				SDKROOT = iphoneos;
				SWIFT_COMPILATION_MODE = wholemodule;
				VALIDATE_PRODUCT = YES;
				VERSIONING_SYSTEM = "apple-generic";
				VERSION_INFO_PREFIX = "";
			};
			name = Release;
		};
		47E9BE122E94252F00F7CCEE /* Debug */ = {
			isa = XCBuildConfiguration;
			buildSettings = {
				BUILD_LIBRARY_FOR_DISTRIBUTION = YES;
				CLANG_ENABLE_MODULES = YES;
				CODE_SIGN_STYLE = Automatic;
				CURRENT_PROJECT_VERSION = 1;
				DEFINES_MODULE = YES;
				DEVELOPMENT_TEAM = G476AFA49S;
				DYLIB_COMPATIBILITY_VERSION = 1;
				DYLIB_CURRENT_VERSION = 1;
				DYLIB_INSTALL_NAME_BASE = "@rpath";
				ENABLE_MODULE_VERIFIER = YES;
				GENERATE_INFOPLIST_FILE = YES;
				INFOPLIST_KEY_NSHumanReadableCopyright = "";
				INSTALL_PATH = "$(LOCAL_LIBRARY_DIR)/Frameworks";
				LD_RUNPATH_SEARCH_PATHS = (
					"$(inherited)",
					"@executable_path/Frameworks",
					"@loader_path/Frameworks",
				);
				MARKETING_VERSION = 1.0;
				MODULE_VERIFIER_SUPPORTED_LANGUAGES = "objective-c objective-c++";
				MODULE_VERIFIER_SUPPORTED_LANGUAGE_STANDARDS = "gnu17 gnu++20";
				PRODUCT_BUNDLE_IDENTIFIER = com.gw.RecordingsFW;
				PRODUCT_NAME = "$(TARGET_NAME:c99extidentifier)";
				SKIP_INSTALL = YES;
				STRING_CATALOG_GENERATE_SYMBOLS = YES;
				SWIFT_APPROACHABLE_CONCURRENCY = YES;
				SWIFT_EMIT_LOC_STRINGS = YES;
				SWIFT_INSTALL_MODULE = YES;
				SWIFT_INSTALL_OBJC_HEADER = YES;
				SWIFT_OPTIMIZATION_LEVEL = "-Onone";
				SWIFT_UPCOMING_FEATURE_MEMBER_IMPORT_VISIBILITY = YES;
				SWIFT_VERSION = 5.0;
				TARGETED_DEVICE_FAMILY = "1,2";
			};
			name = Debug;
		};
		47E9BE132E94252F00F7CCEE /* Release */ = {
			isa = XCBuildConfiguration;
			buildSettings = {
				BUILD_LIBRARY_FOR_DISTRIBUTION = YES;
				CLANG_ENABLE_MODULES = YES;
				CODE_SIGN_STYLE = Automatic;
				CURRENT_PROJECT_VERSION = 1;
				DEFINES_MODULE = YES;
				DEVELOPMENT_TEAM = G476AFA49S;
				DYLIB_COMPATIBILITY_VERSION = 1;
				DYLIB_CURRENT_VERSION = 1;
				DYLIB_INSTALL_NAME_BASE = "@rpath";
				ENABLE_MODULE_VERIFIER = YES;
				GENERATE_INFOPLIST_FILE = YES;
				INFOPLIST_KEY_NSHumanReadableCopyright = "";
				INSTALL_PATH = "$(LOCAL_LIBRARY_DIR)/Frameworks";
				LD_RUNPATH_SEARCH_PATHS = (
					"$(inherited)",
					"@executable_path/Frameworks",
					"@loader_path/Frameworks",
				);
				MARKETING_VERSION = 1.0;
				MODULE_VERIFIER_SUPPORTED_LANGUAGES = "objective-c objective-c++";
				MODULE_VERIFIER_SUPPORTED_LANGUAGE_STANDARDS = "gnu17 gnu++20";
				PRODUCT_BUNDLE_IDENTIFIER = com.gw.RecordingsFW;
				PRODUCT_NAME = "$(TARGET_NAME:c99extidentifier)";
				SKIP_INSTALL = YES;
				STRING_CATALOG_GENERATE_SYMBOLS = YES;
				SWIFT_APPROACHABLE_CONCURRENCY = YES;
				SWIFT_EMIT_LOC_STRINGS = YES;
				SWIFT_INSTALL_MODULE = YES;
				SWIFT_INSTALL_OBJC_HEADER = YES;
				SWIFT_UPCOMING_FEATURE_MEMBER_IMPORT_VISIBILITY = YES;
				SWIFT_VERSION = 5.0;
				TARGETED_DEVICE_FAMILY = "1,2";
			};
			name = Release;
		};
		47E9BE152E94252F00F7CCEE /* Debug */ = {
			isa = XCBuildConfiguration;
			buildSettings = {
				CODE_SIGN_STYLE = Automatic;
				CURRENT_PROJECT_VERSION = 1;
				DEFINES_MODULE = YES;
				DEVELOPMENT_TEAM = G476AFA49S;
				GENERATE_INFOPLIST_FILE = YES;
				MARKETING_VERSION = 1.0;
				PRODUCT_BUNDLE_IDENTIFIER = com.gw.RecordingsFWTests;
				PRODUCT_NAME = "$(TARGET_NAME)";
				STRING_CATALOG_GENERATE_SYMBOLS = NO;
				SWIFT_APPROACHABLE_CONCURRENCY = YES;
				SWIFT_EMIT_LOC_STRINGS = NO;
				SWIFT_UPCOMING_FEATURE_MEMBER_IMPORT_VISIBILITY = YES;
				SWIFT_VERSION = 5.0;
				TARGETED_DEVICE_FAMILY = "1,2";
			};
			name = Debug;
		};
		47E9BE162E94252F00F7CCEE /* Release */ = {
			isa = XCBuildConfiguration;
			buildSettings = {
				CODE_SIGN_STYLE = Automatic;
				CURRENT_PROJECT_VERSION = 1;
				DEFINES_MODULE = YES;
				DEVELOPMENT_TEAM = G476AFA49S;
				GENERATE_INFOPLIST_FILE = YES;
				MARKETING_VERSION = 1.0;
				PRODUCT_BUNDLE_IDENTIFIER = com.gw.RecordingsFWTests;
				PRODUCT_NAME = "$(TARGET_NAME)";
				STRING_CATALOG_GENERATE_SYMBOLS = NO;
				SWIFT_APPROACHABLE_CONCURRENCY = YES;
				SWIFT_EMIT_LOC_STRINGS = NO;
				SWIFT_UPCOMING_FEATURE_MEMBER_IMPORT_VISIBILITY = YES;
				SWIFT_VERSION = 5.0;
				TARGETED_DEVICE_FAMILY = "1,2";
			};
			name = Release;
		};
		47E9BEB52E943B7A00F7CCEE /* Debug */ = {
			isa = XCBuildConfiguration;
			buildSettings = {
				ASSETCATALOG_COMPILER_APPICON_NAME = AppIcon;
				ASSETCATALOG_COMPILER_GLOBAL_ACCENT_COLOR_NAME = AccentColor;
				CODE_SIGN_STYLE = Automatic;
				CURRENT_PROJECT_VERSION = 1;
				DEVELOPMENT_TEAM = G476AFA49S;
				GENERATE_INFOPLIST_FILE = YES;
				INFOPLIST_FILE = RecordingsApp/Info.plist;
				INFOPLIST_KEY_UIApplicationSupportsIndirectInputEvents = YES;
				INFOPLIST_KEY_UILaunchStoryboardName = LaunchScreen;
				INFOPLIST_KEY_UIMainStoryboardFile = Main;
				INFOPLIST_KEY_UISupportedInterfaceOrientations_iPad = "UIInterfaceOrientationPortrait UIInterfaceOrientationPortraitUpsideDown UIInterfaceOrientationLandscapeLeft UIInterfaceOrientationLandscapeRight";
				INFOPLIST_KEY_UISupportedInterfaceOrientations_iPhone = "UIInterfaceOrientationPortrait UIInterfaceOrientationLandscapeLeft UIInterfaceOrientationLandscapeRight";
				LD_RUNPATH_SEARCH_PATHS = (
					"$(inherited)",
					"@executable_path/Frameworks",
				);
				MARKETING_VERSION = 1.0;
				PRODUCT_BUNDLE_IDENTIFIER = com.gw.RecordingsApp;
				PRODUCT_NAME = "$(TARGET_NAME)";
				STRING_CATALOG_GENERATE_SYMBOLS = YES;
				SWIFT_APPROACHABLE_CONCURRENCY = YES;
				SWIFT_DEFAULT_ACTOR_ISOLATION = MainActor;
				SWIFT_EMIT_LOC_STRINGS = YES;
				SWIFT_UPCOMING_FEATURE_MEMBER_IMPORT_VISIBILITY = YES;
				SWIFT_VERSION = 5.0;
				TARGETED_DEVICE_FAMILY = "1,2";
			};
			name = Debug;
		};
		47E9BEB62E943B7A00F7CCEE /* Release */ = {
			isa = XCBuildConfiguration;
			buildSettings = {
				ASSETCATALOG_COMPILER_APPICON_NAME = AppIcon;
				ASSETCATALOG_COMPILER_GLOBAL_ACCENT_COLOR_NAME = AccentColor;
				CODE_SIGN_STYLE = Automatic;
				CURRENT_PROJECT_VERSION = 1;
				DEVELOPMENT_TEAM = G476AFA49S;
				GENERATE_INFOPLIST_FILE = YES;
				INFOPLIST_FILE = RecordingsApp/Info.plist;
				INFOPLIST_KEY_UIApplicationSupportsIndirectInputEvents = YES;
				INFOPLIST_KEY_UILaunchStoryboardName = LaunchScreen;
				INFOPLIST_KEY_UIMainStoryboardFile = Main;
				INFOPLIST_KEY_UISupportedInterfaceOrientations_iPad = "UIInterfaceOrientationPortrait UIInterfaceOrientationPortraitUpsideDown UIInterfaceOrientationLandscapeLeft UIInterfaceOrientationLandscapeRight";
				INFOPLIST_KEY_UISupportedInterfaceOrientations_iPhone = "UIInterfaceOrientationPortrait UIInterfaceOrientationLandscapeLeft UIInterfaceOrientationLandscapeRight";
				LD_RUNPATH_SEARCH_PATHS = (
					"$(inherited)",
					"@executable_path/Frameworks",
				);
				MARKETING_VERSION = 1.0;
				PRODUCT_BUNDLE_IDENTIFIER = com.gw.RecordingsApp;
				PRODUCT_NAME = "$(TARGET_NAME)";
				STRING_CATALOG_GENERATE_SYMBOLS = YES;
				SWIFT_APPROACHABLE_CONCURRENCY = YES;
				SWIFT_DEFAULT_ACTOR_ISOLATION = MainActor;
				SWIFT_EMIT_LOC_STRINGS = YES;
				SWIFT_UPCOMING_FEATURE_MEMBER_IMPORT_VISIBILITY = YES;
				SWIFT_VERSION = 5.0;
				TARGETED_DEVICE_FAMILY = "1,2";
			};
			name = Release;
		};
		47E9BEB82E943B7A00F7CCEE /* Debug */ = {
			isa = XCBuildConfiguration;
			buildSettings = {
				BUNDLE_LOADER = "$(TEST_HOST)";
				CODE_SIGN_STYLE = Automatic;
				CURRENT_PROJECT_VERSION = 1;
				DEVELOPMENT_TEAM = G476AFA49S;
				GENERATE_INFOPLIST_FILE = YES;
				IPHONEOS_DEPLOYMENT_TARGET = 26.0;
				MARKETING_VERSION = 1.0;
				PRODUCT_BUNDLE_IDENTIFIER = com.gw.RecordingsAppTests;
				PRODUCT_NAME = "$(TARGET_NAME)";
				STRING_CATALOG_GENERATE_SYMBOLS = NO;
				SWIFT_APPROACHABLE_CONCURRENCY = YES;
				SWIFT_EMIT_LOC_STRINGS = NO;
				SWIFT_UPCOMING_FEATURE_MEMBER_IMPORT_VISIBILITY = YES;
				SWIFT_VERSION = 5.0;
				TARGETED_DEVICE_FAMILY = "1,2";
				TEST_HOST = "$(BUILT_PRODUCTS_DIR)/RecordingsApp.app/$(BUNDLE_EXECUTABLE_FOLDER_PATH)/RecordingsApp";
			};
			name = Debug;
		};
		47E9BEB92E943B7A00F7CCEE /* Release */ = {
			isa = XCBuildConfiguration;
			buildSettings = {
				BUNDLE_LOADER = "$(TEST_HOST)";
				CODE_SIGN_STYLE = Automatic;
				CURRENT_PROJECT_VERSION = 1;
				DEVELOPMENT_TEAM = G476AFA49S;
				GENERATE_INFOPLIST_FILE = YES;
				IPHONEOS_DEPLOYMENT_TARGET = 26.0;
				MARKETING_VERSION = 1.0;
				PRODUCT_BUNDLE_IDENTIFIER = com.gw.RecordingsAppTests;
				PRODUCT_NAME = "$(TARGET_NAME)";
				STRING_CATALOG_GENERATE_SYMBOLS = NO;
				SWIFT_APPROACHABLE_CONCURRENCY = YES;
				SWIFT_EMIT_LOC_STRINGS = NO;
				SWIFT_UPCOMING_FEATURE_MEMBER_IMPORT_VISIBILITY = YES;
				SWIFT_VERSION = 5.0;
				TARGETED_DEVICE_FAMILY = "1,2";
				TEST_HOST = "$(BUILT_PRODUCTS_DIR)/RecordingsApp.app/$(BUNDLE_EXECUTABLE_FOLDER_PATH)/RecordingsApp";
			};
			name = Release;
		};
		47E9BEBB2E943B7A00F7CCEE /* Debug */ = {
			isa = XCBuildConfiguration;
			buildSettings = {
				CODE_SIGN_STYLE = Automatic;
				CURRENT_PROJECT_VERSION = 1;
				DEVELOPMENT_TEAM = G476AFA49S;
				GENERATE_INFOPLIST_FILE = YES;
				MARKETING_VERSION = 1.0;
				PRODUCT_BUNDLE_IDENTIFIER = com.gw.RecordingsAppUITests;
				PRODUCT_NAME = "$(TARGET_NAME)";
				STRING_CATALOG_GENERATE_SYMBOLS = NO;
				SWIFT_APPROACHABLE_CONCURRENCY = YES;
				SWIFT_EMIT_LOC_STRINGS = NO;
				SWIFT_UPCOMING_FEATURE_MEMBER_IMPORT_VISIBILITY = YES;
				SWIFT_VERSION = 5.0;
				TARGETED_DEVICE_FAMILY = "1,2";
				TEST_TARGET_NAME = RecordingsApp;
			};
			name = Debug;
		};
		47E9BEBC2E943B7A00F7CCEE /* Release */ = {
			isa = XCBuildConfiguration;
			buildSettings = {
				CODE_SIGN_STYLE = Automatic;
				CURRENT_PROJECT_VERSION = 1;
				DEVELOPMENT_TEAM = G476AFA49S;
				GENERATE_INFOPLIST_FILE = YES;
				MARKETING_VERSION = 1.0;
				PRODUCT_BUNDLE_IDENTIFIER = com.gw.RecordingsAppUITests;
				PRODUCT_NAME = "$(TARGET_NAME)";
				STRING_CATALOG_GENERATE_SYMBOLS = NO;
				SWIFT_APPROACHABLE_CONCURRENCY = YES;
				SWIFT_EMIT_LOC_STRINGS = NO;
				SWIFT_UPCOMING_FEATURE_MEMBER_IMPORT_VISIBILITY = YES;
				SWIFT_VERSION = 5.0;
				TARGETED_DEVICE_FAMILY = "1,2";
				TEST_TARGET_NAME = RecordingsApp;
			};
			name = Release;
		};
/* End XCBuildConfiguration section */

/* Begin XCConfigurationList section */
		47E9BDF92E94252F00F7CCEE /* Build configuration list for PBXProject "RecordingsFW" */ = {
			isa = XCConfigurationList;
			buildConfigurations = (
				47E9BE0F2E94252F00F7CCEE /* Debug */,
				47E9BE102E94252F00F7CCEE /* Release */,
			);
			defaultConfigurationIsVisible = 0;
			defaultConfigurationName = Release;
		};
		47E9BE112E94252F00F7CCEE /* Build configuration list for PBXNativeTarget "RecordingsFW" */ = {
			isa = XCConfigurationList;
			buildConfigurations = (
				47E9BE122E94252F00F7CCEE /* Debug */,
				47E9BE132E94252F00F7CCEE /* Release */,
			);
			defaultConfigurationIsVisible = 0;
			defaultConfigurationName = Release;
		};
		47E9BE142E94252F00F7CCEE /* Build configuration list for PBXNativeTarget "RecordingsFWTests" */ = {
			isa = XCConfigurationList;
			buildConfigurations = (
				47E9BE152E94252F00F7CCEE /* Debug */,
				47E9BE162E94252F00F7CCEE /* Release */,
			);
			defaultConfigurationIsVisible = 0;
			defaultConfigurationName = Release;
		};
		47E9BEB42E943B7A00F7CCEE /* Build configuration list for PBXNativeTarget "RecordingsApp" */ = {
			isa = XCConfigurationList;
			buildConfigurations = (
				47E9BEB52E943B7A00F7CCEE /* Debug */,
				47E9BEB62E943B7A00F7CCEE /* Release */,
			);
			defaultConfigurationIsVisible = 0;
			defaultConfigurationName = Release;
		};
		47E9BEB72E943B7A00F7CCEE /* Build configuration list for PBXNativeTarget "RecordingsAppTests" */ = {
			isa = XCConfigurationList;
			buildConfigurations = (
				47E9BEB82E943B7A00F7CCEE /* Debug */,
				47E9BEB92E943B7A00F7CCEE /* Release */,
			);
			defaultConfigurationIsVisible = 0;
			defaultConfigurationName = Release;
		};
		47E9BEBA2E943B7A00F7CCEE /* Build configuration list for PBXNativeTarget "RecordingsAppUITests" */ = {
			isa = XCConfigurationList;
			buildConfigurations = (
				47E9BEBB2E943B7A00F7CCEE /* Debug */,
				47E9BEBC2E943B7A00F7CCEE /* Release */,
			);
			defaultConfigurationIsVisible = 0;
			defaultConfigurationName = Release;
		};
/* End XCConfigurationList section */
	};
	rootObject = 47E9BDF62E94252F00F7CCEE /* Project object */;
}
